<?xml version="1.0" encoding="utf-8"?>
<Project ToolsVersion="17.0" xmlns="http://schemas.microsoft.com/developer/msbuild/2003">
  <ItemGroup>
    <ClCompile Include="E:\IT\devGame3D\Engine3D\tools\PSLogger\PSLogger.cpp">
      <Filter>Source Files</Filter>
    </ClCompile>
  </ItemGroup>
  <ItemGroup>
    <CustomBuild Include="E:\IT\devGame3D\Engine3D\tools\PSLogger\CMakeLists.txt" />
  </ItemGroup>
  <ItemGroup>
    <Filter Include="Source Files">
      <UniqueIdentifier>{71018943-F22F-38EE-9094-93A9E2ABA504}</UniqueIdentifier>
    </Filter>
  </ItemGroup>
</Project>
